
Microsoft Visual Studio Solution File, Format Version 12.00
# Visual Studio Version 17
VisualStudioVersion = 17.0.31717.71
MinimumVisualStudioVersion = 10.0.40219.1
Project("{9A19103F-16F7-4668-BE54-9A1E7A4F7556}") = "AppCore.EventModel.Abstractions", "src\AppCore.EventModel.Abstractions\AppCore.EventModel.Abstractions.csproj", "{609D2506-8909-4814-929F-59BC262E5913}"
EndProject
Project("{9A19103F-16F7-4668-BE54-9A1E7A4F7556}") = "AppCore.EventModel", "src\AppCore.EventModel\AppCore.EventModel.csproj", "{18153F6D-A037-40B7-B5D4-5383255BD89D}"
EndProject
Project("{9A19103F-16F7-4668-BE54-9A1E7A4F7556}") = "AppCore.EventModel.Logging", "src\AppCore.EventModel.Logging\AppCore.EventModel.Logging.csproj", "{30A20DAF-1CA8-4538-9489-A0238A583BC5}"
EndProject
Project("{9A19103F-16F7-4668-BE54-9A1E7A4F7556}") = "AppCore.EventModel.Tests", "test\AppCore.EventModel.Tests\AppCore.EventModel.Tests.csproj", "{E0698B78-612C-44EB-81D4-E2BA9EDCB933}"
EndProject
Project("{9A19103F-16F7-4668-BE54-9A1E7A4F7556}") = "AppCore.EventModel.NewtonsoftJson", "src\AppCore.EventModel.NewtonsoftJson\AppCore.EventModel.NewtonsoftJson.csproj", "{CD1E2BC7-735F-4333-88FC-CFBD0D311F6C}"
EndProject
Project("{9A19103F-16F7-4668-BE54-9A1E7A4F7556}") = "AppCore.EventModel.Store.Abstractions", "src\AppCore.EventModel.Store.Abstractions\AppCore.EventModel.Store.Abstractions.csproj", "{69F56F13-DA52-45A8-A596-DEC19C2774C4}"
EndProject
Project("{9A19103F-16F7-4668-BE54-9A1E7A4F7556}") = "AppCore.EventModel.Store", "src\AppCore.EventModel.Store\AppCore.EventModel.Store.csproj", "{6BF073F8-70AF-47AE-9AF9-782E35404A2E}"
EndProject
Project("{9A19103F-16F7-4668-BE54-9A1E7A4F7556}") = "AppCore.EventModel.Store.Tests", "test\AppCore.EventModel.Store.Tests\AppCore.EventModel.Store.Tests.csproj", "{C6E2D0D2-1908-4F20-831C-46327C4B2AA5}"
EndProject
Project("{9A19103F-16F7-4668-BE54-9A1E7A4F7556}") = "AppCore.EventModel.EFCore.SqlServer", "src\AppCore.EventModel.EFCore.SqlServer\AppCore.EventModel.EFCore.SqlServer.csproj", "{A5C60F54-23BB-4E07-92E3-B57AC8EA709E}"
EndProject
Project("{9A19103F-16F7-4668-BE54-9A1E7A4F7556}") = "AppCore.EventModel.EFCore", "src\AppCore.EventModel.EFCore\AppCore.EventModel.EFCore.csproj", "{97932B36-F306-4918-BC81-5A237BBAEDD0}"
EndProject
Project("{9A19103F-16F7-4668-BE54-9A1E7A4F7556}") = "AppCore.EventModel.EFCore.MySql", "src\AppCore.EventModel.EFCore.MySql\AppCore.EventModel.EFCore.MySql.csproj", "{D03851E0-52F8-468E-98B0-EBC06D2BE120}"
EndProject
Project("{9A19103F-16F7-4668-BE54-9A1E7A4F7556}") = "AppCore.EventModel.EFCore.PostgreSql", "src\AppCore.EventModel.EFCore.PostgreSql\AppCore.EventModel.EFCore.PostgreSql.csproj", "{0EBF460A-3075-43CF-B04F-943196FA3944}"
EndProject
Project("{9A19103F-16F7-4668-BE54-9A1E7A4F7556}") = "AppCore.EventModel.EFCore.Tests", "test\AppCore.EventModel.EFCore.Tests\AppCore.EventModel.EFCore.Tests.csproj", "{3914B193-0FBA-425A-921C-9402D44CFBC2}"
EndProject
Project("{9A19103F-16F7-4668-BE54-9A1E7A4F7556}") = "AppCore.EventModel.EFCore.PostgreSql.Tests", "test\AppCore.EventModel.EFCore.PostgreSql.Tests\AppCore.EventModel.EFCore.PostgreSql.Tests.csproj", "{2E9C7C0F-7A30-4EA0-8612-A4B33E1DC2A7}"
EndProject
Project("{9A19103F-16F7-4668-BE54-9A1E7A4F7556}") = "AppCore.EventModel.EFCore.MySql.Tests", "test\AppCore.EventModel.EFCore.MySql.Tests\AppCore.EventModel.EFCore.MySql.Tests.csproj", "{A3441E49-0F2E-48D8-AAD8-E7310B1E79A2}"
EndProject
Project("{9A19103F-16F7-4668-BE54-9A1E7A4F7556}") = "AppCore.EventModel.EFCore.SqlServer.Tests", "test\AppCore.EventModel.EFCore.SqlServer.Tests\AppCore.EventModel.EFCore.SqlServer.Tests.csproj", "{09217A6E-AA2B-4D8E-A033-A5919EED5599}"
EndProject
Project("{2150E333-8FDC-42A3-9474-1A3956D46DE8}") = "src", "src", "{A9EB5988-A0CD-4695-9BA9-DB9B9436A244}"
EndProject
Project("{2150E333-8FDC-42A3-9474-1A3956D46DE8}") = "test", "test", "{75F08520-67A2-4479-A584-00BF4B7DA4A8}"
EndProject
Global
	GlobalSection(SolutionConfigurationPlatforms) = preSolution
		Debug|Any CPU = Debug|Any CPU
		Release|Any CPU = Release|Any CPU
	EndGlobalSection
	GlobalSection(ProjectConfigurationPlatforms) = postSolution
		{609D2506-8909-4814-929F-59BC262E5913}.Debug|Any CPU.ActiveCfg = Debug|Any CPU
		{609D2506-8909-4814-929F-59BC262E5913}.Debug|Any CPU.Build.0 = Debug|Any CPU
		{609D2506-8909-4814-929F-59BC262E5913}.Release|Any CPU.ActiveCfg = Release|Any CPU
		{609D2506-8909-4814-929F-59BC262E5913}.Release|Any CPU.Build.0 = Release|Any CPU
		{18153F6D-A037-40B7-B5D4-5383255BD89D}.Debug|Any CPU.ActiveCfg = Debug|Any CPU
		{18153F6D-A037-40B7-B5D4-5383255BD89D}.Debug|Any CPU.Build.0 = Debug|Any CPU
		{18153F6D-A037-40B7-B5D4-5383255BD89D}.Release|Any CPU.ActiveCfg = Release|Any CPU
		{18153F6D-A037-40B7-B5D4-5383255BD89D}.Release|Any CPU.Build.0 = Release|Any CPU
		{30A20DAF-1CA8-4538-9489-A0238A583BC5}.Debug|Any CPU.ActiveCfg = Debug|Any CPU
		{30A20DAF-1CA8-4538-9489-A0238A583BC5}.Debug|Any CPU.Build.0 = Debug|Any CPU
		{30A20DAF-1CA8-4538-9489-A0238A583BC5}.Release|Any CPU.ActiveCfg = Release|Any CPU
		{30A20DAF-1CA8-4538-9489-A0238A583BC5}.Release|Any CPU.Build.0 = Release|Any CPU
		{E0698B78-612C-44EB-81D4-E2BA9EDCB933}.Debug|Any CPU.ActiveCfg = Debug|Any CPU
		{E0698B78-612C-44EB-81D4-E2BA9EDCB933}.Debug|Any CPU.Build.0 = Debug|Any CPU
		{E0698B78-612C-44EB-81D4-E2BA9EDCB933}.Release|Any CPU.ActiveCfg = Release|Any CPU
		{E0698B78-612C-44EB-81D4-E2BA9EDCB933}.Release|Any CPU.Build.0 = Release|Any CPU
		{CD1E2BC7-735F-4333-88FC-CFBD0D311F6C}.Debug|Any CPU.ActiveCfg = Debug|Any CPU
		{CD1E2BC7-735F-4333-88FC-CFBD0D311F6C}.Debug|Any CPU.Build.0 = Debug|Any CPU
		{CD1E2BC7-735F-4333-88FC-CFBD0D311F6C}.Release|Any CPU.ActiveCfg = Release|Any CPU
		{CD1E2BC7-735F-4333-88FC-CFBD0D311F6C}.Release|Any CPU.Build.0 = Release|Any CPU
		{69F56F13-DA52-45A8-A596-DEC19C2774C4}.Debug|Any CPU.ActiveCfg = Debug|Any CPU
		{69F56F13-DA52-45A8-A596-DEC19C2774C4}.Debug|Any CPU.Build.0 = Debug|Any CPU
		{69F56F13-DA52-45A8-A596-DEC19C2774C4}.Release|Any CPU.ActiveCfg = Release|Any CPU
		{69F56F13-DA52-45A8-A596-DEC19C2774C4}.Release|Any CPU.Build.0 = Release|Any CPU
		{6BF073F8-70AF-47AE-9AF9-782E35404A2E}.Debug|Any CPU.ActiveCfg = Debug|Any CPU
		{6BF073F8-70AF-47AE-9AF9-782E35404A2E}.Debug|Any CPU.Build.0 = Debug|Any CPU
		{6BF073F8-70AF-47AE-9AF9-782E35404A2E}.Release|Any CPU.ActiveCfg = Release|Any CPU
		{6BF073F8-70AF-47AE-9AF9-782E35404A2E}.Release|Any CPU.Build.0 = Release|Any CPU
		{C6E2D0D2-1908-4F20-831C-46327C4B2AA5}.Debug|Any CPU.ActiveCfg = Debug|Any CPU
		{C6E2D0D2-1908-4F20-831C-46327C4B2AA5}.Debug|Any CPU.Build.0 = Debug|Any CPU
		{C6E2D0D2-1908-4F20-831C-46327C4B2AA5}.Release|Any CPU.ActiveCfg = Release|Any CPU
		{C6E2D0D2-1908-4F20-831C-46327C4B2AA5}.Release|Any CPU.Build.0 = Release|Any CPU
		{A5C60F54-23BB-4E07-92E3-B57AC8EA709E}.Debug|Any CPU.ActiveCfg = Debug|Any CPU
		{A5C60F54-23BB-4E07-92E3-B57AC8EA709E}.Debug|Any CPU.Build.0 = Debug|Any CPU
		{A5C60F54-23BB-4E07-92E3-B57AC8EA709E}.Release|Any CPU.ActiveCfg = Release|Any CPU
		{A5C60F54-23BB-4E07-92E3-B57AC8EA709E}.Release|Any CPU.Build.0 = Release|Any CPU
		{97932B36-F306-4918-BC81-5A237BBAEDD0}.Debug|Any CPU.ActiveCfg = Debug|Any CPU
		{97932B36-F306-4918-BC81-5A237BBAEDD0}.Debug|Any CPU.Build.0 = Debug|Any CPU
		{97932B36-F306-4918-BC81-5A237BBAEDD0}.Release|Any CPU.ActiveCfg = Release|Any CPU
		{97932B36-F306-4918-BC81-5A237BBAEDD0}.Release|Any CPU.Build.0 = Release|Any CPU
		{D03851E0-52F8-468E-98B0-EBC06D2BE120}.Debug|Any CPU.ActiveCfg = Debug|Any CPU
		{D03851E0-52F8-468E-98B0-EBC06D2BE120}.Debug|Any CPU.Build.0 = Debug|Any CPU
		{D03851E0-52F8-468E-98B0-EBC06D2BE120}.Release|Any CPU.ActiveCfg = Release|Any CPU
		{D03851E0-52F8-468E-98B0-EBC06D2BE120}.Release|Any CPU.Build.0 = Release|Any CPU
		{0EBF460A-3075-43CF-B04F-943196FA3944}.Debug|Any CPU.ActiveCfg = Debug|Any CPU
		{0EBF460A-3075-43CF-B04F-943196FA3944}.Debug|Any CPU.Build.0 = Debug|Any CPU
		{0EBF460A-3075-43CF-B04F-943196FA3944}.Release|Any CPU.ActiveCfg = Release|Any CPU
		{0EBF460A-3075-43CF-B04F-943196FA3944}.Release|Any CPU.Build.0 = Release|Any CPU
		{3914B193-0FBA-425A-921C-9402D44CFBC2}.Debug|Any CPU.ActiveCfg = Debug|Any CPU
		{3914B193-0FBA-425A-921C-9402D44CFBC2}.Debug|Any CPU.Build.0 = Debug|Any CPU
		{3914B193-0FBA-425A-921C-9402D44CFBC2}.Release|Any CPU.ActiveCfg = Release|Any CPU
		{3914B193-0FBA-425A-921C-9402D44CFBC2}.Release|Any CPU.Build.0 = Release|Any CPU
		{2E9C7C0F-7A30-4EA0-8612-A4B33E1DC2A7}.Debug|Any CPU.ActiveCfg = Debug|Any CPU
		{2E9C7C0F-7A30-4EA0-8612-A4B33E1DC2A7}.Debug|Any CPU.Build.0 = Debug|Any CPU
		{2E9C7C0F-7A30-4EA0-8612-A4B33E1DC2A7}.Release|Any CPU.ActiveCfg = Release|Any CPU
		{2E9C7C0F-7A30-4EA0-8612-A4B33E1DC2A7}.Release|Any CPU.Build.0 = Release|Any CPU
		{A3441E49-0F2E-48D8-AAD8-E7310B1E79A2}.Debug|Any CPU.ActiveCfg = Debug|Any CPU
		{A3441E49-0F2E-48D8-AAD8-E7310B1E79A2}.Debug|Any CPU.Build.0 = Debug|Any CPU
		{A3441E49-0F2E-48D8-AAD8-E7310B1E79A2}.Release|Any CPU.ActiveCfg = Release|Any CPU
		{A3441E49-0F2E-48D8-AAD8-E7310B1E79A2}.Release|Any CPU.Build.0 = Release|Any CPU
		{09217A6E-AA2B-4D8E-A033-A5919EED5599}.Debug|Any CPU.ActiveCfg = Debug|Any CPU
		{09217A6E-AA2B-4D8E-A033-A5919EED5599}.Debug|Any CPU.Build.0 = Debug|Any CPU
		{09217A6E-AA2B-4D8E-A033-A5919EED5599}.Release|Any CPU.ActiveCfg = Release|Any CPU
		{09217A6E-AA2B-4D8E-A033-A5919EED5599}.Release|Any CPU.Build.0 = Release|Any CPU
	EndGlobalSection
	GlobalSection(SolutionProperties) = preSolution
		HideSolutionNode = FALSE
	EndGlobalSection
	GlobalSection(ExtensibilityGlobals) = postSolution
		SolutionGuid = {1D612036-7B49-4BA4-9DE0-86F1FADC6FB3}
	EndGlobalSection
	GlobalSection(NestedProjects) = preSolution
		{18153F6D-A037-40B7-B5D4-5383255BD89D} = {A9EB5988-A0CD-4695-9BA9-DB9B9436A244}
		{609D2506-8909-4814-929F-59BC262E5913} = {A9EB5988-A0CD-4695-9BA9-DB9B9436A244}
		{97932B36-F306-4918-BC81-5A237BBAEDD0} = {A9EB5988-A0CD-4695-9BA9-DB9B9436A244}
		{D03851E0-52F8-468E-98B0-EBC06D2BE120} = {A9EB5988-A0CD-4695-9BA9-DB9B9436A244}
		{0EBF460A-3075-43CF-B04F-943196FA3944} = {A9EB5988-A0CD-4695-9BA9-DB9B9436A244}
		{A5C60F54-23BB-4E07-92E3-B57AC8EA709E} = {A9EB5988-A0CD-4695-9BA9-DB9B9436A244}
		{30A20DAF-1CA8-4538-9489-A0238A583BC5} = {A9EB5988-A0CD-4695-9BA9-DB9B9436A244}
		{CD1E2BC7-735F-4333-88FC-CFBD0D311F6C} = {A9EB5988-A0CD-4695-9BA9-DB9B9436A244}
		{6BF073F8-70AF-47AE-9AF9-782E35404A2E} = {A9EB5988-A0CD-4695-9BA9-DB9B9436A244}
		{69F56F13-DA52-45A8-A596-DEC19C2774C4} = {A9EB5988-A0CD-4695-9BA9-DB9B9436A244}
		{A3441E49-0F2E-48D8-AAD8-E7310B1E79A2} = {75F08520-67A2-4479-A584-00BF4B7DA4A8}
		{2E9C7C0F-7A30-4EA0-8612-A4B33E1DC2A7} = {75F08520-67A2-4479-A584-00BF4B7DA4A8}
		{09217A6E-AA2B-4D8E-A033-A5919EED5599} = {75F08520-67A2-4479-A584-00BF4B7DA4A8}
		{3914B193-0FBA-425A-921C-9402D44CFBC2} = {75F08520-67A2-4479-A584-00BF4B7DA4A8}
		{C6E2D0D2-1908-4F20-831C-46327C4B2AA5} = {75F08520-67A2-4479-A584-00BF4B7DA4A8}
		{E0698B78-612C-44EB-81D4-E2BA9EDCB933} = {75F08520-67A2-4479-A584-00BF4B7DA4A8}
	EndGlobalSection
EndGlobal
